Microsoft Visual Studio Solution File, Format Version 12.00
# Visual Studio Version 18
VisualStudioVersion = 18.5.11723.231 stable
MinimumVisualStudioVersion = 10.0.40219.1
Project("{FAE04EC0-301F-11D3-BF4B-00C04F79EFBC}") = "TheBook.Net", "TheBook.Net\TheBook.Net.csproj", "{F0E99ED9-36FE-7CB9-601F-1567C17FA869}"
EndProject
Project("{FAE04EC0-301F-11D3-BF4B-00C04F79EFBC}") = "CoreFramework", "CoreFramework\CoreFramework.csproj", "{778B717E-01D2-36B0-E185-072F5AF6BC29}"
EndProject
Project("{FAE04EC0-301F-11D3-BF4B-00C04F79EFBC}") = "DiaryJournal.Net.Core", "DiaryJournal.Net.Core\DiaryJournal.Net.Core.csproj", "{344EA851-030F-82E3-8180-30725792FFE6}"
EndProject
Project("{FAE04EC0-301F-11D3-BF4B-00C04F79EFBC}") = "DiaryJournal.Net", "DiaryJournal.Net\DiaryJournal.Net.csproj", "{B3C3A919-B0EE-971C-1E2F-099877FCDE85}"
EndProject
Project("{FAE04EC0-301F-11D3-BF4B-00C04F79EFBC}") = "HtmlAgilityPack", "HtmlAgilityPack\HtmlAgilityPack.csproj", "{334A65B5-95D9-2F57-4A06-3698E087C93D}"
EndProject
Project("{FAE04EC0-301F-11D3-BF4B-00C04F79EFBC}") = "MarkupConverter", "MarkupConverter\MarkupConverter.csproj", "{0C0B3844-7A9F-C543-1417-1E06F6BD3719}"
EndProject
Project("{FAE04EC0-301F-11D3-BF4B-00C04F79EFBC}") = "MigraDocPlusXml", "MigraDocPlusXml\MigraDocPlusXml.csproj", "{E1A0F207-EB50-B9F5-5D18-18B18171105B}"
EndProject
Project("{FAE04EC0-301F-11D3-BF4B-00C04F79EFBC}") = "PdfSharp.Charting", "PdfSharp.Charting\PdfSharp.Charting.csproj", "{35F9E852-4CA9-E362-356B-CF4AD4462FC6}"
EndProject
Project("{FAE04EC0-301F-11D3-BF4B-00C04F79EFBC}") = "PDFsharp", "PdfSharp\PDFsharp.csproj", "{A60B8A71-7FF4-2FA4-1917-C45AB7E003A9}"
EndProject
Project("{FAE04EC0-301F-11D3-BF4B-00C04F79EFBC}") = "RtfPipe", "RtfPipe\RtfPipe.csproj", "{4A6ED541-9CA3-B1D1-236C-6D35647A9DC5}"
EndProject
Project("{FAE04EC0-301F-11D3-BF4B-00C04F79EFBC}") = "RtfWriter", "RtfWriter\RtfWriter.csproj", "{BB8AD62B-5420-7B48-8478-525346C87CA3}"
EndProject
Project("{FAE04EC0-301F-11D3-BF4B-00C04F79EFBC}") = "TheArtOfDev.HtmlRenderer.PdfSharp", "TheArtOfDev.HtmlRenderer.PdfSharp\TheArtOfDev.HtmlRenderer.PdfSharp.csproj", "{C3AF5D7F-0B57-234A-CD9B-DB59D05B46D5}"
EndProject
Project("{FAE04EC0-301F-11D3-BF4B-00C04F79EFBC}") = "TheArtOfDev.HtmlRenderer", "TheArtOfDev.HtmlRenderer\TheArtOfDev.HtmlRenderer.csproj", "{F9D7AD31-C694-9162-D8B8-B7D27CDD16EC}"
EndProject
Project("{FAE04EC0-301F-11D3-BF4B-00C04F79EFBC}") = "TheBook.Net.Core", "TheBook.Net.Core\TheBook.Net.Core.csproj", "{98860745-D8BA-B8B0-2230-C76F5A75AF5A}"
EndProject
Project("{FAE04EC0-301F-11D3-BF4B-00C04F79EFBC}") = "AngleSharp.Core", "AngleSharp.Core\AngleSharp.Core\AngleSharp.Core.csproj", "{117D45FC-C009-E403-BD18-105DD778ED95}"
EndProject
Project("{FAE04EC0-301F-11D3-BF4B-00C04F79EFBC}") = "YamlDotNet", "YamlDotNet\YamlDotNet.csproj", "{00E389C5-D5C2-7A00-CC53-25679967D1E1}"
EndProject
Project("{2150E333-8FDC-42A3-9474-1A3956D46DE8}") = "Solution Items", "Solution Items", "{089100B1-113F-4E66-888A-E83F3999EAFD}"
	ProjectSection(SolutionItems) = preProject
		Directory.Build.props = Directory.Build.props
		LICENSE.md = LICENSE.md
		README.md = README.md
		documents\TreeSequenceRegister.txt = documents\TreeSequenceRegister.txt
	EndProjectSection
EndProject
Global
	GlobalSection(SolutionConfigurationPlatforms) = preSolution
		Debug|Any CPU = Debug|Any CPU
		Debug|x64 = Debug|x64
		Debug|x86 = Debug|x86
		Release|Any CPU = Release|Any CPU
		Release|x64 = Release|x64
		Release|x86 = Release|x86
	EndGlobalSection
	GlobalSection(ProjectConfigurationPlatforms) = postSolution
		{F0E99ED9-36FE-7CB9-601F-1567C17FA869}.Debug|Any CPU.ActiveCfg = Debug|Any CPU
		{F0E99ED9-36FE-7CB9-601F-1567C17FA869}.Debug|Any CPU.Build.0 = Debug|Any CPU
		{F0E99ED9-36FE-7CB9-601F-1567C17FA869}.Debug|x64.ActiveCfg = Debug|Any CPU
		{F0E99ED9-36FE-7CB9-601F-1567C17FA869}.Debug|x64.Build.0 = Debug|Any CPU
		{F0E99ED9-36FE-7CB9-601F-1567C17FA869}.Debug|x86.ActiveCfg = Debug|Any CPU
		{F0E99ED9-36FE-7CB9-601F-1567C17FA869}.Debug|x86.Build.0 = Debug|Any CPU
		{F0E99ED9-36FE-7CB9-601F-1567C17FA869}.Release|Any CPU.ActiveCfg = Release|Any CPU
		{F0E99ED9-36FE-7CB9-601F-1567C17FA869}.Release|Any CPU.Build.0 = Release|Any CPU
		{F0E99ED9-36FE-7CB9-601F-1567C17FA869}.Release|x64.ActiveCfg = Release|x64
		{F0E99ED9-36FE-7CB9-601F-1567C17FA869}.Release|x64.Build.0 = Release|x64
		{F0E99ED9-36FE-7CB9-601F-1567C17FA869}.Release|x86.ActiveCfg = Release|x86
		{F0E99ED9-36FE-7CB9-601F-1567C17FA869}.Release|x86.Build.0 = Release|x86
		{778B717E-01D2-36B0-E185-072F5AF6BC29}.Debug|Any CPU.ActiveCfg = Debug|Any CPU
		{778B717E-01D2-36B0-E185-072F5AF6BC29}.Debug|Any CPU.Build.0 = Debug|Any CPU
		{778B717E-01D2-36B0-E185-072F5AF6BC29}.Debug|x64.ActiveCfg = Debug|Any CPU
		{778B717E-01D2-36B0-E185-072F5AF6BC29}.Debug|x64.Build.0 = Debug|Any CPU
		{778B717E-01D2-36B0-E185-072F5AF6BC29}.Debug|x86.ActiveCfg = Debug|Any CPU
		{778B717E-01D2-36B0-E185-072F5AF6BC29}.Debug|x86.Build.0 = Debug|Any CPU
		{778B717E-01D2-36B0-E185-072F5AF6BC29}.Release|Any CPU.ActiveCfg = Release|Any CPU
		{778B717E-01D2-36B0-E185-072F5AF6BC29}.Release|Any CPU.Build.0 = Release|Any CPU
		{778B717E-01D2-36B0-E185-072F5AF6BC29}.Release|x64.ActiveCfg = Release|x64
		{778B717E-01D2-36B0-E185-072F5AF6BC29}.Release|x64.Build.0 = Release|x64
		{778B717E-01D2-36B0-E185-072F5AF6BC29}.Release|x86.ActiveCfg = Release|x86
		{778B717E-01D2-36B0-E185-072F5AF6BC29}.Release|x86.Build.0 = Release|x86
		{344EA851-030F-82E3-8180-30725792FFE6}.Debug|Any CPU.ActiveCfg = Debug|Any CPU
		{344EA851-030F-82E3-8180-30725792FFE6}.Debug|Any CPU.Build.0 = Debug|Any CPU
		{344EA851-030F-82E3-8180-30725792FFE6}.Debug|x64.ActiveCfg = Debug|Any CPU
		{344EA851-030F-82E3-8180-30725792FFE6}.Debug|x64.Build.0 = Debug|Any CPU
		{344EA851-030F-82E3-8180-30725792FFE6}.Debug|x86.ActiveCfg = Debug|Any CPU
		{344EA851-030F-82E3-8180-30725792FFE6}.Debug|x86.Build.0 = Debug|Any CPU
		{344EA851-030F-82E3-8180-30725792FFE6}.Release|Any CPU.ActiveCfg = Release|Any CPU
		{344EA851-030F-82E3-8180-30725792FFE6}.Release|Any CPU.Build.0 = Release|Any CPU
		{344EA851-030F-82E3-8180-30725792FFE6}.Release|x64.ActiveCfg = Release|x64
		{344EA851-030F-82E3-8180-30725792FFE6}.Release|x64.Build.0 = Release|x64
		{344EA851-030F-82E3-8180-30725792FFE6}.Release|x86.ActiveCfg = Release|x86
		{344EA851-030F-82E3-8180-30725792FFE6}.Release|x86.Build.0 = Release|x86
		{B3C3A919-B0EE-971C-1E2F-099877FCDE85}.Debug|Any CPU.ActiveCfg = Debug|Any CPU
		{B3C3A919-B0EE-971C-1E2F-099877FCDE85}.Debug|Any CPU.Build.0 = Debug|Any CPU
		{B3C3A919-B0EE-971C-1E2F-099877FCDE85}.Debug|x64.ActiveCfg = Debug|Any CPU
		{B3C3A919-B0EE-971C-1E2F-099877FCDE85}.Debug|x64.Build.0 = Debug|Any CPU
		{B3C3A919-B0EE-971C-1E2F-099877FCDE85}.Debug|x86.ActiveCfg = Debug|Any CPU
		{B3C3A919-B0EE-971C-1E2F-099877FCDE85}.Debug|x86.Build.0 = Debug|Any CPU
		{B3C3A919-B0EE-971C-1E2F-099877FCDE85}.Release|Any CPU.ActiveCfg = Release|Any CPU
		{B3C3A919-B0EE-971C-1E2F-099877FCDE85}.Release|Any CPU.Build.0 = Release|Any CPU
		{B3C3A919-B0EE-971C-1E2F-099877FCDE85}.Release|x64.ActiveCfg = Release|x64
		{B3C3A919-B0EE-971C-1E2F-099877FCDE85}.Release|x64.Build.0 = Release|x64
		{B3C3A919-B0EE-971C-1E2F-099877FCDE85}.Release|x86.ActiveCfg = Release|x86
		{B3C3A919-B0EE-971C-1E2F-099877FCDE85}.Release|x86.Build.0 = Release|x86
		{334A65B5-95D9-2F57-4A06-3698E087C93D}.Debug|Any CPU.ActiveCfg = Debug|Any CPU
		{334A65B5-95D9-2F57-4A06-3698E087C93D}.Debug|Any CPU.Build.0 = Debug|Any CPU
		{334A65B5-95D9-2F57-4A06-3698E087C93D}.Debug|x64.ActiveCfg = Debug|Any CPU
		{334A65B5-95D9-2F57-4A06-3698E087C93D}.Debug|x64.Build.0 = Debug|Any CPU
		{334A65B5-95D9-2F57-4A06-3698E087C93D}.Debug|x86.ActiveCfg = Debug|Any CPU
		{334A65B5-95D9-2F57-4A06-3698E087C93D}.Debug|x86.Build.0 = Debug|Any CPU
		{334A65B5-95D9-2F57-4A06-3698E087C93D}.Release|Any CPU.ActiveCfg = Release|Any CPU
		{334A65B5-95D9-2F57-4A06-3698E087C93D}.Release|Any CPU.Build.0 = Release|Any CPU
		{334A65B5-95D9-2F57-4A06-3698E087C93D}.Release|x64.ActiveCfg = Release|x64
		{334A65B5-95D9-2F57-4A06-3698E087C93D}.Release|x64.Build.0 = Release|x64
		{334A65B5-95D9-2F57-4A06-3698E087C93D}.Release|x86.ActiveCfg = Release|x86
		{334A65B5-95D9-2F57-4A06-3698E087C93D}.Release|x86.Build.0 = Release|x86
		{0C0B3844-7A9F-C543-1417-1E06F6BD3719}.Debug|Any CPU.ActiveCfg = Debug|Any CPU
		{0C0B3844-7A9F-C543-1417-1E06F6BD3719}.Debug|Any CPU.Build.0 = Debug|Any CPU
		{0C0B3844-7A9F-C543-1417-1E06F6BD3719}.Debug|x64.ActiveCfg = Debug|Any CPU
		{0C0B3844-7A9F-C543-1417-1E06F6BD3719}.Debug|x64.Build.0 = Debug|Any CPU
		{0C0B3844-7A9F-C543-1417-1E06F6BD3719}.Debug|x86.ActiveCfg = Debug|Any CPU
		{0C0B3844-7A9F-C543-1417-1E06F6BD3719}.Debug|x86.Build.0 = Debug|Any CPU
		{0C0B3844-7A9F-C543-1417-1E06F6BD3719}.Release|Any CPU.ActiveCfg = Release|Any CPU
		{0C0B3844-7A9F-C543-1417-1E06F6BD3719}.Release|Any CPU.Build.0 = Release|Any CPU
		{0C0B3844-7A9F-C543-1417-1E06F6BD3719}.Release|x64.ActiveCfg = Release|x64
		{0C0B3844-7A9F-C543-1417-1E06F6BD3719}.Release|x64.Build.0 = Release|x64
		{0C0B3844-7A9F-C543-1417-1E06F6BD3719}.Release|x86.ActiveCfg = Release|x86
		{0C0B3844-7A9F-C543-1417-1E06F6BD3719}.Release|x86.Build.0 = Release|x86
		{E1A0F207-EB50-B9F5-5D18-18B18171105B}.Debug|Any CPU.ActiveCfg = Debug|Any CPU
		{E1A0F207-EB50-B9F5-5D18-18B18171105B}.Debug|Any CPU.Build.0 = Debug|Any CPU
		{E1A0F207-EB50-B9F5-5D18-18B18171105B}.Debug|x64.ActiveCfg = Debug|Any CPU
		{E1A0F207-EB50-B9F5-5D18-18B18171105B}.Debug|x64.Build.0 = Debug|Any CPU
		{E1A0F207-EB50-B9F5-5D18-18B18171105B}.Debug|x86.ActiveCfg = Debug|Any CPU
		{E1A0F207-EB50-B9F5-5D18-18B18171105B}.Debug|x86.Build.0 = Debug|Any CPU
		{E1A0F207-EB50-B9F5-5D18-18B18171105B}.Release|Any CPU.ActiveCfg = Release|Any CPU
		{E1A0F207-EB50-B9F5-5D18-18B18171105B}.Release|Any CPU.Build.0 = Release|Any CPU
		{E1A0F207-EB50-B9F5-5D18-18B18171105B}.Release|x64.ActiveCfg = Release|x64
		{E1A0F207-EB50-B9F5-5D18-18B18171105B}.Release|x64.Build.0 = Release|x64
		{E1A0F207-EB50-B9F5-5D18-18B18171105B}.Release|x86.ActiveCfg = Release|x86
		{E1A0F207-EB50-B9F5-5D18-18B18171105B}.Release|x86.Build.0 = Release|x86
		{35F9E852-4CA9-E362-356B-CF4AD4462FC6}.Debug|Any CPU.ActiveCfg = Debug|Any CPU
		{35F9E852-4CA9-E362-356B-CF4AD4462FC6}.Debug|Any CPU.Build.0 = Debug|Any CPU
		{35F9E852-4CA9-E362-356B-CF4AD4462FC6}.Debug|x64.ActiveCfg = Debug|Any CPU
		{35F9E852-4CA9-E362-356B-CF4AD4462FC6}.Debug|x64.Build.0 = Debug|Any CPU
		{35F9E852-4CA9-E362-356B-CF4AD4462FC6}.Debug|x86.ActiveCfg = Debug|Any CPU
		{35F9E852-4CA9-E362-356B-CF4AD4462FC6}.Debug|x86.Build.0 = Debug|Any CPU
		{35F9E852-4CA9-E362-356B-CF4AD4462FC6}.Release|Any CPU.ActiveCfg = Release|Any CPU
		{35F9E852-4CA9-E362-356B-CF4AD4462FC6}.Release|Any CPU.Build.0 = Release|Any CPU
		{35F9E852-4CA9-E362-356B-CF4AD4462FC6}.Release|x64.ActiveCfg = Release|x64
		{35F9E852-4CA9-E362-356B-CF4AD4462FC6}.Release|x64.Build.0 = Release|x64
		{35F9E852-4CA9-E362-356B-CF4AD4462FC6}.Release|x86.ActiveCfg = Release|x86
		{35F9E852-4CA9-E362-356B-CF4AD4462FC6}.Release|x86.Build.0 = Release|x86
		{A60B8A71-7FF4-2FA4-1917-C45AB7E003A9}.Debug|Any CPU.ActiveCfg = Debug|Any CPU
		{A60B8A71-7FF4-2FA4-1917-C45AB7E003A9}.Debug|Any CPU.Build.0 = Debug|Any CPU
		{A60B8A71-7FF4-2FA4-1917-C45AB7E003A9}.Debug|x64.ActiveCfg = Debug|Any CPU
		{A60B8A71-7FF4-2FA4-1917-C45AB7E003A9}.Debug|x64.Build.0 = Debug|Any CPU
		{A60B8A71-7FF4-2FA4-1917-C45AB7E003A9}.Debug|x86.ActiveCfg = Debug|Any CPU
		{A60B8A71-7FF4-2FA4-1917-C45AB7E003A9}.Debug|x86.Build.0 = Debug|Any CPU
		{A60B8A71-7FF4-2FA4-1917-C45AB7E003A9}.Release|Any CPU.ActiveCfg = Release|Any CPU
		{A60B8A71-7FF4-2FA4-1917-C45AB7E003A9}.Release|Any CPU.Build.0 = Release|Any CPU
		{A60B8A71-7FF4-2FA4-1917-C45AB7E003A9}.Release|x64.ActiveCfg = Release|x64
		{A60B8A71-7FF4-2FA4-1917-C45AB7E003A9}.Release|x64.Build.0 = Release|x64
		{A60B8A71-7FF4-2FA4-1917-C45AB7E003A9}.Release|x86.ActiveCfg = Release|x86
		{A60B8A71-7FF4-2FA4-1917-C45AB7E003A9}.Release|x86.Build.0 = Release|x86
		{4A6ED541-9CA3-B1D1-236C-6D35647A9DC5}.Debug|Any CPU.ActiveCfg = Debug|Any CPU
		{4A6ED541-9CA3-B1D1-236C-6D35647A9DC5}.Debug|Any CPU.Build.0 = Debug|Any CPU
		{4A6ED541-9CA3-B1D1-236C-6D35647A9DC5}.Debug|x64.ActiveCfg = Debug|Any CPU
		{4A6ED541-9CA3-B1D1-236C-6D35647A9DC5}.Debug|x64.Build.0 = Debug|Any CPU
		{4A6ED541-9CA3-B1D1-236C-6D35647A9DC5}.Debug|x86.ActiveCfg = Debug|Any CPU
		{4A6ED541-9CA3-B1D1-236C-6D35647A9DC5}.Debug|x86.Build.0 = Debug|Any CPU
		{4A6ED541-9CA3-B1D1-236C-6D35647A9DC5}.Release|Any CPU.ActiveCfg = Release|Any CPU
		{4A6ED541-9CA3-B1D1-236C-6D35647A9DC5}.Release|Any CPU.Build.0 = Release|Any CPU
		{4A6ED541-9CA3-B1D1-236C-6D35647A9DC5}.Release|x64.ActiveCfg = Release|x64
		{4A6ED541-9CA3-B1D1-236C-6D35647A9DC5}.Release|x64.Build.0 = Release|x64
		{4A6ED541-9CA3-B1D1-236C-6D35647A9DC5}.Release|x86.ActiveCfg = Release|x86
		{4A6ED541-9CA3-B1D1-236C-6D35647A9DC5}.Release|x86.Build.0 = Release|x86
		{BB8AD62B-5420-7B48-8478-525346C87CA3}.Debug|Any CPU.ActiveCfg = Debug|Any CPU
		{BB8AD62B-5420-7B48-8478-525346C87CA3}.Debug|Any CPU.Build.0 = Debug|Any CPU
		{BB8AD62B-5420-7B48-8478-525346C87CA3}.Debug|x64.ActiveCfg = Debug|Any CPU
		{BB8AD62B-5420-7B48-8478-525346C87CA3}.Debug|x64.Build.0 = Debug|Any CPU
		{BB8AD62B-5420-7B48-8478-525346C87CA3}.Debug|x86.ActiveCfg = Debug|Any CPU
		{BB8AD62B-5420-7B48-8478-525346C87CA3}.Debug|x86.Build.0 = Debug|Any CPU
		{BB8AD62B-5420-7B48-8478-525346C87CA3}.Release|Any CPU.ActiveCfg = Release|Any CPU
		{BB8AD62B-5420-7B48-8478-525346C87CA3}.Release|Any CPU.Build.0 = Release|Any CPU
		{BB8AD62B-5420-7B48-8478-525346C87CA3}.Release|x64.ActiveCfg = Release|x64
		{BB8AD62B-5420-7B48-8478-525346C87CA3}.Release|x64.Build.0 = Release|x64
		{BB8AD62B-5420-7B48-8478-525346C87CA3}.Release|x86.ActiveCfg = Release|x86
		{BB8AD62B-5420-7B48-8478-525346C87CA3}.Release|x86.Build.0 = Release|x86
		{C3AF5D7F-0B57-234A-CD9B-DB59D05B46D5}.Debug|Any CPU.ActiveCfg = Debug|Any CPU
		{C3AF5D7F-0B57-234A-CD9B-DB59D05B46D5}.Debug|Any CPU.Build.0 = Debug|Any CPU
		{C3AF5D7F-0B57-234A-CD9B-DB59D05B46D5}.Debug|x64.ActiveCfg = Debug|Any CPU
		{C3AF5D7F-0B57-234A-CD9B-DB59D05B46D5}.Debug|x64.Build.0 = Debug|Any CPU
		{C3AF5D7F-0B57-234A-CD9B-DB59D05B46D5}.Debug|x86.ActiveCfg = Debug|Any CPU
		{C3AF5D7F-0B57-234A-CD9B-DB59D05B46D5}.Debug|x86.Build.0 = Debug|Any CPU
		{C3AF5D7F-0B57-234A-CD9B-DB59D05B46D5}.Release|Any CPU.ActiveCfg = Release|Any CPU
		{C3AF5D7F-0B57-234A-CD9B-DB59D05B46D5}.Release|Any CPU.Build.0 = Release|Any CPU
		{C3AF5D7F-0B57-234A-CD9B-DB59D05B46D5}.Release|x64.ActiveCfg = Release|x64
		{C3AF5D7F-0B57-234A-CD9B-DB59D05B46D5}.Release|x64.Build.0 = Release|x64
		{C3AF5D7F-0B57-234A-CD9B-DB59D05B46D5}.Release|x86.ActiveCfg = Release|x86
		{C3AF5D7F-0B57-234A-CD9B-DB59D05B46D5}.Release|x86.Build.0 = Release|x86
		{F9D7AD31-C694-9162-D8B8-B7D27CDD16EC}.Debug|Any CPU.ActiveCfg = Debug|Any CPU
		{F9D7AD31-C694-9162-D8B8-B7D27CDD16EC}.Debug|Any CPU.Build.0 = Debug|Any CPU
		{F9D7AD31-C694-9162-D8B8-B7D27CDD16EC}.Debug|x64.ActiveCfg = Debug|Any CPU
		{F9D7AD31-C694-9162-D8B8-B7D27CDD16EC}.Debug|x64.Build.0 = Debug|Any CPU
		{F9D7AD31-C694-9162-D8B8-B7D27CDD16EC}.Debug|x86.ActiveCfg = Debug|Any CPU
		{F9D7AD31-C694-9162-D8B8-B7D27CDD16EC}.Debug|x86.Build.0 = Debug|Any CPU
		{F9D7AD31-C694-9162-D8B8-B7D27CDD16EC}.Release|Any CPU.ActiveCfg = Release|Any CPU
		{F9D7AD31-C694-9162-D8B8-B7D27CDD16EC}.Release|Any CPU.Build.0 = Release|Any CPU
		{F9D7AD31-C694-9162-D8B8-B7D27CDD16EC}.Release|x64.ActiveCfg = Release|x64
		{F9D7AD31-C694-9162-D8B8-B7D27CDD16EC}.Release|x64.Build.0 = Release|x64
		{F9D7AD31-C694-9162-D8B8-B7D27CDD16EC}.Release|x86.ActiveCfg = Release|x86
		{F9D7AD31-C694-9162-D8B8-B7D27CDD16EC}.Release|x86.Build.0 = Release|x86
		{98860745-D8BA-B8B0-2230-C76F5A75AF5A}.Debug|Any CPU.ActiveCfg = Debug|Any CPU
		{98860745-D8BA-B8B0-2230-C76F5A75AF5A}.Debug|Any CPU.Build.0 = Debug|Any CPU
		{98860745-D8BA-B8B0-2230-C76F5A75AF5A}.Debug|x64.ActiveCfg = Debug|Any CPU
		{98860745-D8BA-B8B0-2230-C76F5A75AF5A}.Debug|x64.Build.0 = Debug|Any CPU
		{98860745-D8BA-B8B0-2230-C76F5A75AF5A}.Debug|x86.ActiveCfg = Debug|Any CPU
		{98860745-D8BA-B8B0-2230-C76F5A75AF5A}.Debug|x86.Build.0 = Debug|Any CPU
		{98860745-D8BA-B8B0-2230-C76F5A75AF5A}.Release|Any CPU.ActiveCfg = Release|Any CPU
		{98860745-D8BA-B8B0-2230-C76F5A75AF5A}.Release|Any CPU.Build.0 = Release|Any CPU
		{98860745-D8BA-B8B0-2230-C76F5A75AF5A}.Release|x64.ActiveCfg = Release|x64
		{98860745-D8BA-B8B0-2230-C76F5A75AF5A}.Release|x64.Build.0 = Release|x64
		{98860745-D8BA-B8B0-2230-C76F5A75AF5A}.Release|x86.ActiveCfg = Release|x86
		{98860745-D8BA-B8B0-2230-C76F5A75AF5A}.Release|x86.Build.0 = Release|x86
		{117D45FC-C009-E403-BD18-105DD778ED95}.Debug|Any CPU.ActiveCfg = Debug|Any CPU
		{117D45FC-C009-E403-BD18-105DD778ED95}.Debug|Any CPU.Build.0 = Debug|Any CPU
		{117D45FC-C009-E403-BD18-105DD778ED95}.Debug|x64.ActiveCfg = Debug|Any CPU
		{117D45FC-C009-E403-BD18-105DD778ED95}.Debug|x64.Build.0 = Debug|Any CPU
		{117D45FC-C009-E403-BD18-105DD778ED95}.Debug|x86.ActiveCfg = Debug|Any CPU
		{117D45FC-C009-E403-BD18-105DD778ED95}.Debug|x86.Build.0 = Debug|Any CPU
		{117D45FC-C009-E403-BD18-105DD778ED95}.Release|Any CPU.ActiveCfg = Release|Any CPU
		{117D45FC-C009-E403-BD18-105DD778ED95}.Release|Any CPU.Build.0 = Release|Any CPU
		{117D45FC-C009-E403-BD18-105DD778ED95}.Release|x64.ActiveCfg = Release|x64
		{117D45FC-C009-E403-BD18-105DD778ED95}.Release|x64.Build.0 = Release|x64
		{117D45FC-C009-E403-BD18-105DD778ED95}.Release|x86.ActiveCfg = Release|x86
		{117D45FC-C009-E403-BD18-105DD778ED95}.Release|x86.Build.0 = Release|x86
		{00E389C5-D5C2-7A00-CC53-25679967D1E1}.Debug|Any CPU.ActiveCfg = Debug|Any CPU
		{00E389C5-D5C2-7A00-CC53-25679967D1E1}.Debug|Any CPU.Build.0 = Debug|Any CPU
		{00E389C5-D5C2-7A00-CC53-25679967D1E1}.Debug|x64.ActiveCfg = Debug|Any CPU
		{00E389C5-D5C2-7A00-CC53-25679967D1E1}.Debug|x64.Build.0 = Debug|Any CPU
		{00E389C5-D5C2-7A00-CC53-25679967D1E1}.Debug|x86.ActiveCfg = Debug|Any CPU
		{00E389C5-D5C2-7A00-CC53-25679967D1E1}.Debug|x86.Build.0 = Debug|Any CPU
		{00E389C5-D5C2-7A00-CC53-25679967D1E1}.Release|Any CPU.ActiveCfg = Release|Any CPU
		{00E389C5-D5C2-7A00-CC53-25679967D1E1}.Release|Any CPU.Build.0 = Release|Any CPU
		{00E389C5-D5C2-7A00-CC53-25679967D1E1}.Release|x64.ActiveCfg = Release|x64
		{00E389C5-D5C2-7A00-CC53-25679967D1E1}.Release|x64.Build.0 = Release|x64
		{00E389C5-D5C2-7A00-CC53-25679967D1E1}.Release|x86.ActiveCfg = Release|x86
		{00E389C5-D5C2-7A00-CC53-25679967D1E1}.Release|x86.Build.0 = Release|x86
	EndGlobalSection
	GlobalSection(SolutionProperties) = preSolution
		HideSolutionNode = FALSE
	EndGlobalSection
EndGlobal
