<Solution>
  <Configurations>
    <BuildType Name="Debug" />
    <BuildType Name="Release" />
    <Platform Name="Any CPU" />
    <Platform Name="x64" />
    <Platform Name="x86" />
  </Configurations>
  <Folder Name="/Solution Items/">
    <File Path="Directory.Build.props" />
    <File Path="documents/TreeSequenceRegister.txt" />
    <File Path="LICENSE.md" />
    <File Path="README.md" />
  </Folder>
  <Project Path="AngleSharp.Core/AngleSharp.Core/AngleSharp.Core.csproj">
    <Platform Solution="Release|Any CPU" Project="Any CPU" />
    <Platform Solution="Release|x64" Project="x64" />
    <Platform Solution="Release|x86" Project="x86" />
  </Project>
  <Project Path="CoreFramework/CoreFramework.csproj">
    <Platform Solution="Release|Any CPU" Project="Any CPU" />
    <Platform Solution="Release|x64" Project="x64" />
    <Platform Solution="Release|x86" Project="x86" />
  </Project>
  <Project Path="DiaryJournal.Net.Core/DiaryJournal.Net.Core.csproj">
    <Platform Solution="Release|Any CPU" Project="Any CPU" />
    <Platform Solution="Release|x64" Project="x64" />
    <Platform Solution="Release|x86" Project="x86" />
  </Project>
  <Project Path="DiaryJournal.Net/DiaryJournal.Net.csproj">
    <Platform Solution="Release|Any CPU" Project="Any CPU" />
    <Platform Solution="Release|x64" Project="x64" />
    <Platform Solution="Release|x86" Project="x86" />
  </Project>
  <Project Path="HtmlAgilityPack/HtmlAgilityPack.csproj">
    <Platform Solution="Release|Any CPU" Project="Any CPU" />
    <Platform Solution="Release|x64" Project="x64" />
    <Platform Solution="Release|x86" Project="x86" />
  </Project>
  <Project Path="MarkupConverter/MarkupConverter.csproj">
    <Platform Solution="Release|Any CPU" Project="Any CPU" />
    <Platform Solution="Release|x64" Project="x64" />
    <Platform Solution="Release|x86" Project="x86" />
  </Project>
  <Project Path="MigraDocPlusXml/MigraDocPlusXml.csproj">
    <Platform Solution="Release|Any CPU" Project="Any CPU" />
    <Platform Solution="Release|x64" Project="x64" />
    <Platform Solution="Release|x86" Project="x86" />
  </Project>
  <Project Path="PdfSharp.Charting/PdfSharp.Charting.csproj">
    <Platform Solution="Release|Any CPU" Project="Any CPU" />
    <Platform Solution="Release|x64" Project="x64" />
    <Platform Solution="Release|x86" Project="x86" />
  </Project>
  <Project Path="PdfSharp/PDFsharp.csproj">
    <Platform Solution="Release|Any CPU" Project="Any CPU" />
    <Platform Solution="Release|x64" Project="x64" />
    <Platform Solution="Release|x86" Project="x86" />
  </Project>
  <Project Path="RtfPipe/RtfPipe.csproj">
    <Platform Solution="Release|Any CPU" Project="Any CPU" />
    <Platform Solution="Release|x64" Project="x64" />
    <Platform Solution="Release|x86" Project="x86" />
  </Project>
  <Project Path="RtfWriter/RtfWriter.csproj">
    <Platform Solution="Release|Any CPU" Project="Any CPU" />
    <Platform Solution="Release|x64" Project="x64" />
    <Platform Solution="Release|x86" Project="x86" />
  </Project>
  <Project Path="TheArtOfDev.HtmlRenderer.PdfSharp/TheArtOfDev.HtmlRenderer.PdfSharp.csproj">
    <Platform Solution="Release|Any CPU" Project="Any CPU" />
    <Platform Solution="Release|x64" Project="x64" />
    <Platform Solution="Release|x86" Project="x86" />
  </Project>
  <Project Path="TheArtOfDev.HtmlRenderer/TheArtOfDev.HtmlRenderer.csproj">
    <Platform Solution="Release|Any CPU" Project="Any CPU" />
    <Platform Solution="Release|x64" Project="x64" />
    <Platform Solution="Release|x86" Project="x86" />
  </Project>
  <Project Path="TheBook.Net.Core/TheBook.Net.Core.csproj">
    <Platform Solution="Release|Any CPU" Project="Any CPU" />
    <Platform Solution="Release|x64" Project="x64" />
    <Platform Solution="Release|x86" Project="x86" />
  </Project>
  <Project Path="TheBook.Net/TheBook.Net.csproj" DefaultStartup="true">
    <Platform Solution="Release|Any CPU" Project="Any CPU" />
    <Platform Solution="Release|x64" Project="x64" />
    <Platform Solution="Release|x86" Project="x86" />
  </Project>
  <Project Path="YamlDotNet/YamlDotNet.csproj">
    <Platform Solution="Release|Any CPU" Project="Any CPU" />
    <Platform Solution="Release|x64" Project="x64" />
    <Platform Solution="Release|x86" Project="x86" />
  </Project>
</Solution>
