
Microsoft Visual Studio Solution File, Format Version 12.00
# Visual Studio Version 18
VisualStudioVersion = 18.3.11206.111
MinimumVisualStudioVersion = 10.0.40219.1
Project("{9A19103F-16F7-4668-BE54-9A1E7A4F7556}") = "SharpConfig", "SharpConfig\SharpConfig.csproj", "{A5865F13-8CFD-4FE2-A875-E5237095B0D5}"
EndProject
Project("{9A19103F-16F7-4668-BE54-9A1E7A4F7556}") = "AngleSharp.Core", "AngleSharp.Core\AngleSharp.Core\AngleSharp.Core.csproj", "{8F764824-5D9C-4EDE-8059-751E15602DC1}"
EndProject
Project("{9A19103F-16F7-4668-BE54-9A1E7A4F7556}") = "HtmlAgilityPack", "HtmlAgilityPack\HtmlAgilityPack.csproj", "{92B774EC-0B25-4397-B186-AE4E407440A7}"
EndProject
Project("{9A19103F-16F7-4668-BE54-9A1E7A4F7556}") = "MarkupConverter", "MarkupConverter\MarkupConverter.csproj", "{23719955-CE4B-407D-920C-443B4B43AC39}"
EndProject
Project("{9A19103F-16F7-4668-BE54-9A1E7A4F7556}") = "MigraDocPlusXml", "MigraDocPlusXml\MigraDocPlusXml.csproj", "{497C2B4A-29A2-41AA-89FD-A0B9701281A3}"
EndProject
Project("{9A19103F-16F7-4668-BE54-9A1E7A4F7556}") = "RtfPipe", "RtfPipe\RtfPipe.csproj", "{69DAE7E1-0F11-4836-8BBC-23AED3D15A6B}"
EndProject
Project("{9A19103F-16F7-4668-BE54-9A1E7A4F7556}") = "RtfWriter", "RtfWriter\RtfWriter.csproj", "{A78F5F93-F6E9-4687-BFB5-B37502787FFF}"
EndProject
Project("{9A19103F-16F7-4668-BE54-9A1E7A4F7556}") = "TheArtOfDev.HtmlRenderer", "TheArtOfDev.HtmlRenderer\TheArtOfDev.HtmlRenderer.csproj", "{454EDCF9-742F-4625-9FD5-12370EC94391}"
EndProject
Project("{9A19103F-16F7-4668-BE54-9A1E7A4F7556}") = "PDFsharp", "PdfSharp\PDFsharp.csproj", "{2E3CD46A-E28C-4723-B70C-B4AEE5B5FE31}"
EndProject
Project("{9A19103F-16F7-4668-BE54-9A1E7A4F7556}") = "TheArtOfDev.HtmlRenderer.PdfSharp", "TheArtOfDev.HtmlRenderer.PdfSharp\TheArtOfDev.HtmlRenderer.PdfSharp.csproj", "{06E554DC-42A3-4DFD-81D1-AC5A655523CD}"
EndProject
Project("{9A19103F-16F7-4668-BE54-9A1E7A4F7556}") = "PdfSharp.Charting", "PdfSharp.Charting\PdfSharp.Charting.csproj", "{B9DEA03C-A8A2-4808-B00C-DE42EFE2CFDD}"
EndProject
Project("{9A19103F-16F7-4668-BE54-9A1E7A4F7556}") = "DiaryJournal.Net.Core", "DiaryJournal.Net.Core\DiaryJournal.Net.Core.csproj", "{E58AFACA-32F1-4691-9404-B80D2B76ED74}"
EndProject
Project("{9A19103F-16F7-4668-BE54-9A1E7A4F7556}") = "CoreFramework", "CoreFramework\CoreFramework.csproj", "{DA88F66B-2AC9-47D4-B557-D9C5548AB717}"
EndProject
Project("{9A19103F-16F7-4668-BE54-9A1E7A4F7556}") = "DiaryJournal.Net", "DiaryJournal.Net\DiaryJournal.Net.csproj", "{3F99603A-1DBF-4217-BE9A-C9B43A7AE1BF}"
EndProject
Project("{9A19103F-16F7-4668-BE54-9A1E7A4F7556}") = "TheBook.Net.Core", "TheBook.Net.Core\TheBook.Net.Core.csproj", "{66209B54-28F1-4B44-81B9-8B6025AAEA03}"
EndProject
Project("{9A19103F-16F7-4668-BE54-9A1E7A4F7556}") = "TheBook.Net", "TheBook.Net\TheBook.Net.csproj", "{CB578C1F-B3E1-4849-B0BD-1B18E4E30326}"
EndProject
Project("{2150E333-8FDC-42A3-9474-1A3956D46DE8}") = "Solution Items", "Solution Items", "{9456AF0B-B4DB-4DA2-B341-B8CE02C479FA}"
	ProjectSection(SolutionItems) = preProject
		Directory.Build.props = Directory.Build.props
		TreeSequenceRegister.txt = TreeSequenceRegister.txt
	EndProjectSection
EndProject
Global
	GlobalSection(SolutionConfigurationPlatforms) = preSolution
		Debug|Any CPU = Debug|Any CPU
		Debug|x64 = Debug|x64
		Debug|x86 = Debug|x86
		Release|Any CPU = Release|Any CPU
		Release|x64 = Release|x64
		Release|x86 = Release|x86
		Release-NoDebugSymbols|Any CPU = Release-NoDebugSymbols|Any CPU
		Release-NoDebugSymbols|x64 = Release-NoDebugSymbols|x64
		Release-NoDebugSymbols|x86 = Release-NoDebugSymbols|x86
	EndGlobalSection
	GlobalSection(ProjectConfigurationPlatforms) = postSolution
		{A5865F13-8CFD-4FE2-A875-E5237095B0D5}.Debug|Any CPU.ActiveCfg = Debug|Any CPU
		{A5865F13-8CFD-4FE2-A875-E5237095B0D5}.Debug|Any CPU.Build.0 = Debug|Any CPU
		{A5865F13-8CFD-4FE2-A875-E5237095B0D5}.Debug|x64.ActiveCfg = Debug|Any CPU
		{A5865F13-8CFD-4FE2-A875-E5237095B0D5}.Debug|x64.Build.0 = Debug|Any CPU
		{A5865F13-8CFD-4FE2-A875-E5237095B0D5}.Debug|x86.ActiveCfg = Debug|Any CPU
		{A5865F13-8CFD-4FE2-A875-E5237095B0D5}.Debug|x86.Build.0 = Debug|Any CPU
		{A5865F13-8CFD-4FE2-A875-E5237095B0D5}.Release|Any CPU.ActiveCfg = Release|Any CPU
		{A5865F13-8CFD-4FE2-A875-E5237095B0D5}.Release|Any CPU.Build.0 = Release|Any CPU
		{A5865F13-8CFD-4FE2-A875-E5237095B0D5}.Release|x64.ActiveCfg = Release|x64
		{A5865F13-8CFD-4FE2-A875-E5237095B0D5}.Release|x64.Build.0 = Release|x64
		{A5865F13-8CFD-4FE2-A875-E5237095B0D5}.Release|x86.ActiveCfg = Release|Any CPU
		{A5865F13-8CFD-4FE2-A875-E5237095B0D5}.Release|x86.Build.0 = Release|Any CPU
		{A5865F13-8CFD-4FE2-A875-E5237095B0D5}.Release-NoDebugSymbols|Any CPU.ActiveCfg = Release-NoDebugSymbols|Any CPU
		{A5865F13-8CFD-4FE2-A875-E5237095B0D5}.Release-NoDebugSymbols|Any CPU.Build.0 = Release-NoDebugSymbols|Any CPU
		{A5865F13-8CFD-4FE2-A875-E5237095B0D5}.Release-NoDebugSymbols|x64.ActiveCfg = Release-NoDebugSymbols|Any CPU
		{A5865F13-8CFD-4FE2-A875-E5237095B0D5}.Release-NoDebugSymbols|x64.Build.0 = Release-NoDebugSymbols|Any CPU
		{A5865F13-8CFD-4FE2-A875-E5237095B0D5}.Release-NoDebugSymbols|x86.ActiveCfg = Release-NoDebugSymbols|Any CPU
		{A5865F13-8CFD-4FE2-A875-E5237095B0D5}.Release-NoDebugSymbols|x86.Build.0 = Release-NoDebugSymbols|Any CPU
		{8F764824-5D9C-4EDE-8059-751E15602DC1}.Debug|Any CPU.ActiveCfg = Debug|Any CPU
		{8F764824-5D9C-4EDE-8059-751E15602DC1}.Debug|Any CPU.Build.0 = Debug|Any CPU
		{8F764824-5D9C-4EDE-8059-751E15602DC1}.Debug|x64.ActiveCfg = Debug|Any CPU
		{8F764824-5D9C-4EDE-8059-751E15602DC1}.Debug|x64.Build.0 = Debug|Any CPU
		{8F764824-5D9C-4EDE-8059-751E15602DC1}.Debug|x86.ActiveCfg = Debug|Any CPU
		{8F764824-5D9C-4EDE-8059-751E15602DC1}.Debug|x86.Build.0 = Debug|Any CPU
		{8F764824-5D9C-4EDE-8059-751E15602DC1}.Release|Any CPU.ActiveCfg = Release|Any CPU
		{8F764824-5D9C-4EDE-8059-751E15602DC1}.Release|Any CPU.Build.0 = Release|Any CPU
		{8F764824-5D9C-4EDE-8059-751E15602DC1}.Release|x64.ActiveCfg = Release|x64
		{8F764824-5D9C-4EDE-8059-751E15602DC1}.Release|x64.Build.0 = Release|x64
		{8F764824-5D9C-4EDE-8059-751E15602DC1}.Release|x86.ActiveCfg = Release|Any CPU
		{8F764824-5D9C-4EDE-8059-751E15602DC1}.Release|x86.Build.0 = Release|Any CPU
		{8F764824-5D9C-4EDE-8059-751E15602DC1}.Release-NoDebugSymbols|Any CPU.ActiveCfg = Release|Any CPU
		{8F764824-5D9C-4EDE-8059-751E15602DC1}.Release-NoDebugSymbols|Any CPU.Build.0 = Release|Any CPU
		{8F764824-5D9C-4EDE-8059-751E15602DC1}.Release-NoDebugSymbols|x64.ActiveCfg = Release|x64
		{8F764824-5D9C-4EDE-8059-751E15602DC1}.Release-NoDebugSymbols|x64.Build.0 = Release|x64
		{8F764824-5D9C-4EDE-8059-751E15602DC1}.Release-NoDebugSymbols|x86.ActiveCfg = Release|Any CPU
		{8F764824-5D9C-4EDE-8059-751E15602DC1}.Release-NoDebugSymbols|x86.Build.0 = Release|Any CPU
		{92B774EC-0B25-4397-B186-AE4E407440A7}.Debug|Any CPU.ActiveCfg = Debug|Any CPU
		{92B774EC-0B25-4397-B186-AE4E407440A7}.Debug|Any CPU.Build.0 = Debug|Any CPU
		{92B774EC-0B25-4397-B186-AE4E407440A7}.Debug|x64.ActiveCfg = Debug|Any CPU
		{92B774EC-0B25-4397-B186-AE4E407440A7}.Debug|x64.Build.0 = Debug|Any CPU
		{92B774EC-0B25-4397-B186-AE4E407440A7}.Debug|x86.ActiveCfg = Debug|Any CPU
		{92B774EC-0B25-4397-B186-AE4E407440A7}.Debug|x86.Build.0 = Debug|Any CPU
		{92B774EC-0B25-4397-B186-AE4E407440A7}.Release|Any CPU.ActiveCfg = Release|Any CPU
		{92B774EC-0B25-4397-B186-AE4E407440A7}.Release|Any CPU.Build.0 = Release|Any CPU
		{92B774EC-0B25-4397-B186-AE4E407440A7}.Release|x64.ActiveCfg = Release|x64
		{92B774EC-0B25-4397-B186-AE4E407440A7}.Release|x64.Build.0 = Release|x64
		{92B774EC-0B25-4397-B186-AE4E407440A7}.Release|x86.ActiveCfg = Release|Any CPU
		{92B774EC-0B25-4397-B186-AE4E407440A7}.Release|x86.Build.0 = Release|Any CPU
		{92B774EC-0B25-4397-B186-AE4E407440A7}.Release-NoDebugSymbols|Any CPU.ActiveCfg = Release|Any CPU
		{92B774EC-0B25-4397-B186-AE4E407440A7}.Release-NoDebugSymbols|Any CPU.Build.0 = Release|Any CPU
		{92B774EC-0B25-4397-B186-AE4E407440A7}.Release-NoDebugSymbols|x64.ActiveCfg = Release|Any CPU
		{92B774EC-0B25-4397-B186-AE4E407440A7}.Release-NoDebugSymbols|x64.Build.0 = Release|Any CPU
		{92B774EC-0B25-4397-B186-AE4E407440A7}.Release-NoDebugSymbols|x86.ActiveCfg = Release|Any CPU
		{92B774EC-0B25-4397-B186-AE4E407440A7}.Release-NoDebugSymbols|x86.Build.0 = Release|Any CPU
		{23719955-CE4B-407D-920C-443B4B43AC39}.Debug|Any CPU.ActiveCfg = Debug|Any CPU
		{23719955-CE4B-407D-920C-443B4B43AC39}.Debug|Any CPU.Build.0 = Debug|Any CPU
		{23719955-CE4B-407D-920C-443B4B43AC39}.Debug|x64.ActiveCfg = Debug|Any CPU
		{23719955-CE4B-407D-920C-443B4B43AC39}.Debug|x64.Build.0 = Debug|Any CPU
		{23719955-CE4B-407D-920C-443B4B43AC39}.Debug|x86.ActiveCfg = Debug|Any CPU
		{23719955-CE4B-407D-920C-443B4B43AC39}.Debug|x86.Build.0 = Debug|Any CPU
		{23719955-CE4B-407D-920C-443B4B43AC39}.Release|Any CPU.ActiveCfg = Release|Any CPU
		{23719955-CE4B-407D-920C-443B4B43AC39}.Release|Any CPU.Build.0 = Release|Any CPU
		{23719955-CE4B-407D-920C-443B4B43AC39}.Release|x64.ActiveCfg = Release|x64
		{23719955-CE4B-407D-920C-443B4B43AC39}.Release|x64.Build.0 = Release|x64
		{23719955-CE4B-407D-920C-443B4B43AC39}.Release|x86.ActiveCfg = Release|Any CPU
		{23719955-CE4B-407D-920C-443B4B43AC39}.Release|x86.Build.0 = Release|Any CPU
		{23719955-CE4B-407D-920C-443B4B43AC39}.Release-NoDebugSymbols|Any CPU.ActiveCfg = Release|Any CPU
		{23719955-CE4B-407D-920C-443B4B43AC39}.Release-NoDebugSymbols|Any CPU.Build.0 = Release|Any CPU
		{23719955-CE4B-407D-920C-443B4B43AC39}.Release-NoDebugSymbols|x64.ActiveCfg = Release|Any CPU
		{23719955-CE4B-407D-920C-443B4B43AC39}.Release-NoDebugSymbols|x64.Build.0 = Release|Any CPU
		{23719955-CE4B-407D-920C-443B4B43AC39}.Release-NoDebugSymbols|x86.ActiveCfg = Release|Any CPU
		{23719955-CE4B-407D-920C-443B4B43AC39}.Release-NoDebugSymbols|x86.Build.0 = Release|Any CPU
		{497C2B4A-29A2-41AA-89FD-A0B9701281A3}.Debug|Any CPU.ActiveCfg = Debug|Any CPU
		{497C2B4A-29A2-41AA-89FD-A0B9701281A3}.Debug|Any CPU.Build.0 = Debug|Any CPU
		{497C2B4A-29A2-41AA-89FD-A0B9701281A3}.Debug|x64.ActiveCfg = Debug|Any CPU
		{497C2B4A-29A2-41AA-89FD-A0B9701281A3}.Debug|x64.Build.0 = Debug|Any CPU
		{497C2B4A-29A2-41AA-89FD-A0B9701281A3}.Debug|x86.ActiveCfg = Debug|Any CPU
		{497C2B4A-29A2-41AA-89FD-A0B9701281A3}.Debug|x86.Build.0 = Debug|Any CPU
		{497C2B4A-29A2-41AA-89FD-A0B9701281A3}.Release|Any CPU.ActiveCfg = Release|Any CPU
		{497C2B4A-29A2-41AA-89FD-A0B9701281A3}.Release|Any CPU.Build.0 = Release|Any CPU
		{497C2B4A-29A2-41AA-89FD-A0B9701281A3}.Release|x64.ActiveCfg = Release|x64
		{497C2B4A-29A2-41AA-89FD-A0B9701281A3}.Release|x64.Build.0 = Release|x64
		{497C2B4A-29A2-41AA-89FD-A0B9701281A3}.Release|x86.ActiveCfg = Release|Any CPU
		{497C2B4A-29A2-41AA-89FD-A0B9701281A3}.Release|x86.Build.0 = Release|Any CPU
		{497C2B4A-29A2-41AA-89FD-A0B9701281A3}.Release-NoDebugSymbols|Any CPU.ActiveCfg = Release-NoDebugSymbols|Any CPU
		{497C2B4A-29A2-41AA-89FD-A0B9701281A3}.Release-NoDebugSymbols|Any CPU.Build.0 = Release-NoDebugSymbols|Any CPU
		{497C2B4A-29A2-41AA-89FD-A0B9701281A3}.Release-NoDebugSymbols|x64.ActiveCfg = Release-NoDebugSymbols|Any CPU
		{497C2B4A-29A2-41AA-89FD-A0B9701281A3}.Release-NoDebugSymbols|x64.Build.0 = Release-NoDebugSymbols|Any CPU
		{497C2B4A-29A2-41AA-89FD-A0B9701281A3}.Release-NoDebugSymbols|x86.ActiveCfg = Release-NoDebugSymbols|Any CPU
		{497C2B4A-29A2-41AA-89FD-A0B9701281A3}.Release-NoDebugSymbols|x86.Build.0 = Release-NoDebugSymbols|Any CPU
		{69DAE7E1-0F11-4836-8BBC-23AED3D15A6B}.Debug|Any CPU.ActiveCfg = Debug|Any CPU
		{69DAE7E1-0F11-4836-8BBC-23AED3D15A6B}.Debug|Any CPU.Build.0 = Debug|Any CPU
		{69DAE7E1-0F11-4836-8BBC-23AED3D15A6B}.Debug|x64.ActiveCfg = Debug|Any CPU
		{69DAE7E1-0F11-4836-8BBC-23AED3D15A6B}.Debug|x64.Build.0 = Debug|Any CPU
		{69DAE7E1-0F11-4836-8BBC-23AED3D15A6B}.Debug|x86.ActiveCfg = Debug|Any CPU
		{69DAE7E1-0F11-4836-8BBC-23AED3D15A6B}.Debug|x86.Build.0 = Debug|Any CPU
		{69DAE7E1-0F11-4836-8BBC-23AED3D15A6B}.Release|Any CPU.ActiveCfg = Release|Any CPU
		{69DAE7E1-0F11-4836-8BBC-23AED3D15A6B}.Release|Any CPU.Build.0 = Release|Any CPU
		{69DAE7E1-0F11-4836-8BBC-23AED3D15A6B}.Release|x64.ActiveCfg = Release|x64
		{69DAE7E1-0F11-4836-8BBC-23AED3D15A6B}.Release|x64.Build.0 = Release|x64
		{69DAE7E1-0F11-4836-8BBC-23AED3D15A6B}.Release|x86.ActiveCfg = Release|Any CPU
		{69DAE7E1-0F11-4836-8BBC-23AED3D15A6B}.Release|x86.Build.0 = Release|Any CPU
		{69DAE7E1-0F11-4836-8BBC-23AED3D15A6B}.Release-NoDebugSymbols|Any CPU.ActiveCfg = Release-NoDebugSymbols|Any CPU
		{69DAE7E1-0F11-4836-8BBC-23AED3D15A6B}.Release-NoDebugSymbols|Any CPU.Build.0 = Release-NoDebugSymbols|Any CPU
		{69DAE7E1-0F11-4836-8BBC-23AED3D15A6B}.Release-NoDebugSymbols|x64.ActiveCfg = Release-NoDebugSymbols|Any CPU
		{69DAE7E1-0F11-4836-8BBC-23AED3D15A6B}.Release-NoDebugSymbols|x64.Build.0 = Release-NoDebugSymbols|Any CPU
		{69DAE7E1-0F11-4836-8BBC-23AED3D15A6B}.Release-NoDebugSymbols|x86.ActiveCfg = Release-NoDebugSymbols|Any CPU
		{69DAE7E1-0F11-4836-8BBC-23AED3D15A6B}.Release-NoDebugSymbols|x86.Build.0 = Release-NoDebugSymbols|Any CPU
		{A78F5F93-F6E9-4687-BFB5-B37502787FFF}.Debug|Any CPU.ActiveCfg = Debug|Any CPU
		{A78F5F93-F6E9-4687-BFB5-B37502787FFF}.Debug|Any CPU.Build.0 = Debug|Any CPU
		{A78F5F93-F6E9-4687-BFB5-B37502787FFF}.Debug|x64.ActiveCfg = Debug|Any CPU
		{A78F5F93-F6E9-4687-BFB5-B37502787FFF}.Debug|x64.Build.0 = Debug|Any CPU
		{A78F5F93-F6E9-4687-BFB5-B37502787FFF}.Debug|x86.ActiveCfg = Debug|Any CPU
		{A78F5F93-F6E9-4687-BFB5-B37502787FFF}.Debug|x86.Build.0 = Debug|Any CPU
		{A78F5F93-F6E9-4687-BFB5-B37502787FFF}.Release|Any CPU.ActiveCfg = Release|Any CPU
		{A78F5F93-F6E9-4687-BFB5-B37502787FFF}.Release|Any CPU.Build.0 = Release|Any CPU
		{A78F5F93-F6E9-4687-BFB5-B37502787FFF}.Release|x64.ActiveCfg = Release|x64
		{A78F5F93-F6E9-4687-BFB5-B37502787FFF}.Release|x64.Build.0 = Release|x64
		{A78F5F93-F6E9-4687-BFB5-B37502787FFF}.Release|x86.ActiveCfg = Release|Any CPU
		{A78F5F93-F6E9-4687-BFB5-B37502787FFF}.Release|x86.Build.0 = Release|Any CPU
		{A78F5F93-F6E9-4687-BFB5-B37502787FFF}.Release-NoDebugSymbols|Any CPU.ActiveCfg = Release-NoDebugSymbols|Any CPU
		{A78F5F93-F6E9-4687-BFB5-B37502787FFF}.Release-NoDebugSymbols|Any CPU.Build.0 = Release-NoDebugSymbols|Any CPU
		{A78F5F93-F6E9-4687-BFB5-B37502787FFF}.Release-NoDebugSymbols|x64.ActiveCfg = Release-NoDebugSymbols|Any CPU
		{A78F5F93-F6E9-4687-BFB5-B37502787FFF}.Release-NoDebugSymbols|x64.Build.0 = Release-NoDebugSymbols|Any CPU
		{A78F5F93-F6E9-4687-BFB5-B37502787FFF}.Release-NoDebugSymbols|x86.ActiveCfg = Release-NoDebugSymbols|Any CPU
		{A78F5F93-F6E9-4687-BFB5-B37502787FFF}.Release-NoDebugSymbols|x86.Build.0 = Release-NoDebugSymbols|Any CPU
		{454EDCF9-742F-4625-9FD5-12370EC94391}.Debug|Any CPU.ActiveCfg = Debug|Any CPU
		{454EDCF9-742F-4625-9FD5-12370EC94391}.Debug|Any CPU.Build.0 = Debug|Any CPU
		{454EDCF9-742F-4625-9FD5-12370EC94391}.Debug|x64.ActiveCfg = Debug|Any CPU
		{454EDCF9-742F-4625-9FD5-12370EC94391}.Debug|x64.Build.0 = Debug|Any CPU
		{454EDCF9-742F-4625-9FD5-12370EC94391}.Debug|x86.ActiveCfg = Debug|Any CPU
		{454EDCF9-742F-4625-9FD5-12370EC94391}.Debug|x86.Build.0 = Debug|Any CPU
		{454EDCF9-742F-4625-9FD5-12370EC94391}.Release|Any CPU.ActiveCfg = Release|Any CPU
		{454EDCF9-742F-4625-9FD5-12370EC94391}.Release|Any CPU.Build.0 = Release|Any CPU
		{454EDCF9-742F-4625-9FD5-12370EC94391}.Release|x64.ActiveCfg = Release|x64
		{454EDCF9-742F-4625-9FD5-12370EC94391}.Release|x64.Build.0 = Release|x64
		{454EDCF9-742F-4625-9FD5-12370EC94391}.Release|x86.ActiveCfg = Release|Any CPU
		{454EDCF9-742F-4625-9FD5-12370EC94391}.Release|x86.Build.0 = Release|Any CPU
		{454EDCF9-742F-4625-9FD5-12370EC94391}.Release-NoDebugSymbols|Any CPU.ActiveCfg = Release|Any CPU
		{454EDCF9-742F-4625-9FD5-12370EC94391}.Release-NoDebugSymbols|Any CPU.Build.0 = Release|Any CPU
		{454EDCF9-742F-4625-9FD5-12370EC94391}.Release-NoDebugSymbols|x64.ActiveCfg = Release|Any CPU
		{454EDCF9-742F-4625-9FD5-12370EC94391}.Release-NoDebugSymbols|x64.Build.0 = Release|Any CPU
		{454EDCF9-742F-4625-9FD5-12370EC94391}.Release-NoDebugSymbols|x86.ActiveCfg = Release|Any CPU
		{454EDCF9-742F-4625-9FD5-12370EC94391}.Release-NoDebugSymbols|x86.Build.0 = Release|Any CPU
		{2E3CD46A-E28C-4723-B70C-B4AEE5B5FE31}.Debug|Any CPU.ActiveCfg = Debug|Any CPU
		{2E3CD46A-E28C-4723-B70C-B4AEE5B5FE31}.Debug|Any CPU.Build.0 = Debug|Any CPU
		{2E3CD46A-E28C-4723-B70C-B4AEE5B5FE31}.Debug|x64.ActiveCfg = Debug|Any CPU
		{2E3CD46A-E28C-4723-B70C-B4AEE5B5FE31}.Debug|x64.Build.0 = Debug|Any CPU
		{2E3CD46A-E28C-4723-B70C-B4AEE5B5FE31}.Debug|x86.ActiveCfg = Debug|Any CPU
		{2E3CD46A-E28C-4723-B70C-B4AEE5B5FE31}.Debug|x86.Build.0 = Debug|Any CPU
		{2E3CD46A-E28C-4723-B70C-B4AEE5B5FE31}.Release|Any CPU.ActiveCfg = Release|Any CPU
		{2E3CD46A-E28C-4723-B70C-B4AEE5B5FE31}.Release|Any CPU.Build.0 = Release|Any CPU
		{2E3CD46A-E28C-4723-B70C-B4AEE5B5FE31}.Release|x64.ActiveCfg = Release|x64
		{2E3CD46A-E28C-4723-B70C-B4AEE5B5FE31}.Release|x64.Build.0 = Release|x64
		{2E3CD46A-E28C-4723-B70C-B4AEE5B5FE31}.Release|x86.ActiveCfg = Release|Any CPU
		{2E3CD46A-E28C-4723-B70C-B4AEE5B5FE31}.Release|x86.Build.0 = Release|Any CPU
		{2E3CD46A-E28C-4723-B70C-B4AEE5B5FE31}.Release-NoDebugSymbols|Any CPU.ActiveCfg = Release-NoDebugSymbols|Any CPU
		{2E3CD46A-E28C-4723-B70C-B4AEE5B5FE31}.Release-NoDebugSymbols|Any CPU.Build.0 = Release-NoDebugSymbols|Any CPU
		{2E3CD46A-E28C-4723-B70C-B4AEE5B5FE31}.Release-NoDebugSymbols|x64.ActiveCfg = Release-NoDebugSymbols|Any CPU
		{2E3CD46A-E28C-4723-B70C-B4AEE5B5FE31}.Release-NoDebugSymbols|x64.Build.0 = Release-NoDebugSymbols|Any CPU
		{2E3CD46A-E28C-4723-B70C-B4AEE5B5FE31}.Release-NoDebugSymbols|x86.ActiveCfg = Release-NoDebugSymbols|Any CPU
		{2E3CD46A-E28C-4723-B70C-B4AEE5B5FE31}.Release-NoDebugSymbols|x86.Build.0 = Release-NoDebugSymbols|Any CPU
		{06E554DC-42A3-4DFD-81D1-AC5A655523CD}.Debug|Any CPU.ActiveCfg = Debug|Any CPU
		{06E554DC-42A3-4DFD-81D1-AC5A655523CD}.Debug|Any CPU.Build.0 = Debug|Any CPU
		{06E554DC-42A3-4DFD-81D1-AC5A655523CD}.Debug|x64.ActiveCfg = Debug|Any CPU
		{06E554DC-42A3-4DFD-81D1-AC5A655523CD}.Debug|x64.Build.0 = Debug|Any CPU
		{06E554DC-42A3-4DFD-81D1-AC5A655523CD}.Debug|x86.ActiveCfg = Debug|Any CPU
		{06E554DC-42A3-4DFD-81D1-AC5A655523CD}.Debug|x86.Build.0 = Debug|Any CPU
		{06E554DC-42A3-4DFD-81D1-AC5A655523CD}.Release|Any CPU.ActiveCfg = Release|Any CPU
		{06E554DC-42A3-4DFD-81D1-AC5A655523CD}.Release|Any CPU.Build.0 = Release|Any CPU
		{06E554DC-42A3-4DFD-81D1-AC5A655523CD}.Release|x64.ActiveCfg = Release|x64
		{06E554DC-42A3-4DFD-81D1-AC5A655523CD}.Release|x64.Build.0 = Release|x64
		{06E554DC-42A3-4DFD-81D1-AC5A655523CD}.Release|x86.ActiveCfg = Release|Any CPU
		{06E554DC-42A3-4DFD-81D1-AC5A655523CD}.Release|x86.Build.0 = Release|Any CPU
		{06E554DC-42A3-4DFD-81D1-AC5A655523CD}.Release-NoDebugSymbols|Any CPU.ActiveCfg = Release|Any CPU
		{06E554DC-42A3-4DFD-81D1-AC5A655523CD}.Release-NoDebugSymbols|Any CPU.Build.0 = Release|Any CPU
		{06E554DC-42A3-4DFD-81D1-AC5A655523CD}.Release-NoDebugSymbols|x64.ActiveCfg = Release|Any CPU
		{06E554DC-42A3-4DFD-81D1-AC5A655523CD}.Release-NoDebugSymbols|x64.Build.0 = Release|Any CPU
		{06E554DC-42A3-4DFD-81D1-AC5A655523CD}.Release-NoDebugSymbols|x86.ActiveCfg = Release|Any CPU
		{06E554DC-42A3-4DFD-81D1-AC5A655523CD}.Release-NoDebugSymbols|x86.Build.0 = Release|Any CPU
		{B9DEA03C-A8A2-4808-B00C-DE42EFE2CFDD}.Debug|Any CPU.ActiveCfg = Debug|Any CPU
		{B9DEA03C-A8A2-4808-B00C-DE42EFE2CFDD}.Debug|Any CPU.Build.0 = Debug|Any CPU
		{B9DEA03C-A8A2-4808-B00C-DE42EFE2CFDD}.Debug|x64.ActiveCfg = Debug|Any CPU
		{B9DEA03C-A8A2-4808-B00C-DE42EFE2CFDD}.Debug|x64.Build.0 = Debug|Any CPU
		{B9DEA03C-A8A2-4808-B00C-DE42EFE2CFDD}.Debug|x86.ActiveCfg = Debug|Any CPU
		{B9DEA03C-A8A2-4808-B00C-DE42EFE2CFDD}.Debug|x86.Build.0 = Debug|Any CPU
		{B9DEA03C-A8A2-4808-B00C-DE42EFE2CFDD}.Release|Any CPU.ActiveCfg = Release|Any CPU
		{B9DEA03C-A8A2-4808-B00C-DE42EFE2CFDD}.Release|Any CPU.Build.0 = Release|Any CPU
		{B9DEA03C-A8A2-4808-B00C-DE42EFE2CFDD}.Release|x64.ActiveCfg = Release|x64
		{B9DEA03C-A8A2-4808-B00C-DE42EFE2CFDD}.Release|x64.Build.0 = Release|x64
		{B9DEA03C-A8A2-4808-B00C-DE42EFE2CFDD}.Release|x86.ActiveCfg = Release|Any CPU
		{B9DEA03C-A8A2-4808-B00C-DE42EFE2CFDD}.Release|x86.Build.0 = Release|Any CPU
		{B9DEA03C-A8A2-4808-B00C-DE42EFE2CFDD}.Release-NoDebugSymbols|Any CPU.ActiveCfg = Release-NoDebugSymbols|Any CPU
		{B9DEA03C-A8A2-4808-B00C-DE42EFE2CFDD}.Release-NoDebugSymbols|Any CPU.Build.0 = Release-NoDebugSymbols|Any CPU
		{B9DEA03C-A8A2-4808-B00C-DE42EFE2CFDD}.Release-NoDebugSymbols|x64.ActiveCfg = Release-NoDebugSymbols|Any CPU
		{B9DEA03C-A8A2-4808-B00C-DE42EFE2CFDD}.Release-NoDebugSymbols|x64.Build.0 = Release-NoDebugSymbols|Any CPU
		{B9DEA03C-A8A2-4808-B00C-DE42EFE2CFDD}.Release-NoDebugSymbols|x86.ActiveCfg = Release-NoDebugSymbols|Any CPU
		{B9DEA03C-A8A2-4808-B00C-DE42EFE2CFDD}.Release-NoDebugSymbols|x86.Build.0 = Release-NoDebugSymbols|Any CPU
		{E58AFACA-32F1-4691-9404-B80D2B76ED74}.Debug|Any CPU.ActiveCfg = Debug|Any CPU
		{E58AFACA-32F1-4691-9404-B80D2B76ED74}.Debug|Any CPU.Build.0 = Debug|Any CPU
		{E58AFACA-32F1-4691-9404-B80D2B76ED74}.Debug|x64.ActiveCfg = Debug|Any CPU
		{E58AFACA-32F1-4691-9404-B80D2B76ED74}.Debug|x64.Build.0 = Debug|Any CPU
		{E58AFACA-32F1-4691-9404-B80D2B76ED74}.Debug|x86.ActiveCfg = Debug|Any CPU
		{E58AFACA-32F1-4691-9404-B80D2B76ED74}.Debug|x86.Build.0 = Debug|Any CPU
		{E58AFACA-32F1-4691-9404-B80D2B76ED74}.Release|Any CPU.ActiveCfg = Release|Any CPU
		{E58AFACA-32F1-4691-9404-B80D2B76ED74}.Release|Any CPU.Build.0 = Release|Any CPU
		{E58AFACA-32F1-4691-9404-B80D2B76ED74}.Release|x64.ActiveCfg = Release|x64
		{E58AFACA-32F1-4691-9404-B80D2B76ED74}.Release|x64.Build.0 = Release|x64
		{E58AFACA-32F1-4691-9404-B80D2B76ED74}.Release|x86.ActiveCfg = Release|Any CPU
		{E58AFACA-32F1-4691-9404-B80D2B76ED74}.Release|x86.Build.0 = Release|Any CPU
		{E58AFACA-32F1-4691-9404-B80D2B76ED74}.Release-NoDebugSymbols|Any CPU.ActiveCfg = Release|Any CPU
		{E58AFACA-32F1-4691-9404-B80D2B76ED74}.Release-NoDebugSymbols|Any CPU.Build.0 = Release|Any CPU
		{E58AFACA-32F1-4691-9404-B80D2B76ED74}.Release-NoDebugSymbols|x64.ActiveCfg = Release|Any CPU
		{E58AFACA-32F1-4691-9404-B80D2B76ED74}.Release-NoDebugSymbols|x64.Build.0 = Release|Any CPU
		{E58AFACA-32F1-4691-9404-B80D2B76ED74}.Release-NoDebugSymbols|x86.ActiveCfg = Release|Any CPU
		{E58AFACA-32F1-4691-9404-B80D2B76ED74}.Release-NoDebugSymbols|x86.Build.0 = Release|Any CPU
		{DA88F66B-2AC9-47D4-B557-D9C5548AB717}.Debug|Any CPU.ActiveCfg = Debug|Any CPU
		{DA88F66B-2AC9-47D4-B557-D9C5548AB717}.Debug|Any CPU.Build.0 = Debug|Any CPU
		{DA88F66B-2AC9-47D4-B557-D9C5548AB717}.Debug|x64.ActiveCfg = Debug|Any CPU
		{DA88F66B-2AC9-47D4-B557-D9C5548AB717}.Debug|x64.Build.0 = Debug|Any CPU
		{DA88F66B-2AC9-47D4-B557-D9C5548AB717}.Debug|x86.ActiveCfg = Debug|Any CPU
		{DA88F66B-2AC9-47D4-B557-D9C5548AB717}.Debug|x86.Build.0 = Debug|Any CPU
		{DA88F66B-2AC9-47D4-B557-D9C5548AB717}.Release|Any CPU.ActiveCfg = Release|Any CPU
		{DA88F66B-2AC9-47D4-B557-D9C5548AB717}.Release|Any CPU.Build.0 = Release|Any CPU
		{DA88F66B-2AC9-47D4-B557-D9C5548AB717}.Release|x64.ActiveCfg = Release|x64
		{DA88F66B-2AC9-47D4-B557-D9C5548AB717}.Release|x64.Build.0 = Release|x64
		{DA88F66B-2AC9-47D4-B557-D9C5548AB717}.Release|x86.ActiveCfg = Release|Any CPU
		{DA88F66B-2AC9-47D4-B557-D9C5548AB717}.Release|x86.Build.0 = Release|Any CPU
		{DA88F66B-2AC9-47D4-B557-D9C5548AB717}.Release-NoDebugSymbols|Any CPU.ActiveCfg = Release|Any CPU
		{DA88F66B-2AC9-47D4-B557-D9C5548AB717}.Release-NoDebugSymbols|Any CPU.Build.0 = Release|Any CPU
		{DA88F66B-2AC9-47D4-B557-D9C5548AB717}.Release-NoDebugSymbols|x64.ActiveCfg = Release|x64
		{DA88F66B-2AC9-47D4-B557-D9C5548AB717}.Release-NoDebugSymbols|x64.Build.0 = Release|x64
		{DA88F66B-2AC9-47D4-B557-D9C5548AB717}.Release-NoDebugSymbols|x86.ActiveCfg = Release|Any CPU
		{DA88F66B-2AC9-47D4-B557-D9C5548AB717}.Release-NoDebugSymbols|x86.Build.0 = Release|Any CPU
		{3F99603A-1DBF-4217-BE9A-C9B43A7AE1BF}.Debug|Any CPU.ActiveCfg = Debug|Any CPU
		{3F99603A-1DBF-4217-BE9A-C9B43A7AE1BF}.Debug|Any CPU.Build.0 = Debug|Any CPU
		{3F99603A-1DBF-4217-BE9A-C9B43A7AE1BF}.Debug|x64.ActiveCfg = Debug|Any CPU
		{3F99603A-1DBF-4217-BE9A-C9B43A7AE1BF}.Debug|x64.Build.0 = Debug|Any CPU
		{3F99603A-1DBF-4217-BE9A-C9B43A7AE1BF}.Debug|x86.ActiveCfg = Debug|Any CPU
		{3F99603A-1DBF-4217-BE9A-C9B43A7AE1BF}.Debug|x86.Build.0 = Debug|Any CPU
		{3F99603A-1DBF-4217-BE9A-C9B43A7AE1BF}.Release|Any CPU.ActiveCfg = Release|Any CPU
		{3F99603A-1DBF-4217-BE9A-C9B43A7AE1BF}.Release|Any CPU.Build.0 = Release|Any CPU
		{3F99603A-1DBF-4217-BE9A-C9B43A7AE1BF}.Release|x64.ActiveCfg = Release|x64
		{3F99603A-1DBF-4217-BE9A-C9B43A7AE1BF}.Release|x64.Build.0 = Release|x64
		{3F99603A-1DBF-4217-BE9A-C9B43A7AE1BF}.Release|x86.ActiveCfg = Release|Any CPU
		{3F99603A-1DBF-4217-BE9A-C9B43A7AE1BF}.Release|x86.Build.0 = Release|Any CPU
		{3F99603A-1DBF-4217-BE9A-C9B43A7AE1BF}.Release-NoDebugSymbols|Any CPU.ActiveCfg = Release|Any CPU
		{3F99603A-1DBF-4217-BE9A-C9B43A7AE1BF}.Release-NoDebugSymbols|Any CPU.Build.0 = Release|Any CPU
		{3F99603A-1DBF-4217-BE9A-C9B43A7AE1BF}.Release-NoDebugSymbols|x64.ActiveCfg = Release|Any CPU
		{3F99603A-1DBF-4217-BE9A-C9B43A7AE1BF}.Release-NoDebugSymbols|x64.Build.0 = Release|Any CPU
		{3F99603A-1DBF-4217-BE9A-C9B43A7AE1BF}.Release-NoDebugSymbols|x86.ActiveCfg = Release|Any CPU
		{3F99603A-1DBF-4217-BE9A-C9B43A7AE1BF}.Release-NoDebugSymbols|x86.Build.0 = Release|Any CPU
		{66209B54-28F1-4B44-81B9-8B6025AAEA03}.Debug|Any CPU.ActiveCfg = Debug|Any CPU
		{66209B54-28F1-4B44-81B9-8B6025AAEA03}.Debug|Any CPU.Build.0 = Debug|Any CPU
		{66209B54-28F1-4B44-81B9-8B6025AAEA03}.Debug|x64.ActiveCfg = Debug|Any CPU
		{66209B54-28F1-4B44-81B9-8B6025AAEA03}.Debug|x64.Build.0 = Debug|Any CPU
		{66209B54-28F1-4B44-81B9-8B6025AAEA03}.Debug|x86.ActiveCfg = Debug|Any CPU
		{66209B54-28F1-4B44-81B9-8B6025AAEA03}.Debug|x86.Build.0 = Debug|Any CPU
		{66209B54-28F1-4B44-81B9-8B6025AAEA03}.Release|Any CPU.ActiveCfg = Release|Any CPU
		{66209B54-28F1-4B44-81B9-8B6025AAEA03}.Release|Any CPU.Build.0 = Release|Any CPU
		{66209B54-28F1-4B44-81B9-8B6025AAEA03}.Release|x64.ActiveCfg = Release|x64
		{66209B54-28F1-4B44-81B9-8B6025AAEA03}.Release|x64.Build.0 = Release|x64
		{66209B54-28F1-4B44-81B9-8B6025AAEA03}.Release|x86.ActiveCfg = Release|Any CPU
		{66209B54-28F1-4B44-81B9-8B6025AAEA03}.Release|x86.Build.0 = Release|Any CPU
		{66209B54-28F1-4B44-81B9-8B6025AAEA03}.Release-NoDebugSymbols|Any CPU.ActiveCfg = Release|Any CPU
		{66209B54-28F1-4B44-81B9-8B6025AAEA03}.Release-NoDebugSymbols|Any CPU.Build.0 = Release|Any CPU
		{66209B54-28F1-4B44-81B9-8B6025AAEA03}.Release-NoDebugSymbols|x64.ActiveCfg = Release|Any CPU
		{66209B54-28F1-4B44-81B9-8B6025AAEA03}.Release-NoDebugSymbols|x64.Build.0 = Release|Any CPU
		{66209B54-28F1-4B44-81B9-8B6025AAEA03}.Release-NoDebugSymbols|x86.ActiveCfg = Release|Any CPU
		{66209B54-28F1-4B44-81B9-8B6025AAEA03}.Release-NoDebugSymbols|x86.Build.0 = Release|Any CPU
		{CB578C1F-B3E1-4849-B0BD-1B18E4E30326}.Debug|Any CPU.ActiveCfg = Debug|Any CPU
		{CB578C1F-B3E1-4849-B0BD-1B18E4E30326}.Debug|Any CPU.Build.0 = Debug|Any CPU
		{CB578C1F-B3E1-4849-B0BD-1B18E4E30326}.Debug|x64.ActiveCfg = Debug|Any CPU
		{CB578C1F-B3E1-4849-B0BD-1B18E4E30326}.Debug|x64.Build.0 = Debug|Any CPU
		{CB578C1F-B3E1-4849-B0BD-1B18E4E30326}.Debug|x86.ActiveCfg = Debug|Any CPU
		{CB578C1F-B3E1-4849-B0BD-1B18E4E30326}.Debug|x86.Build.0 = Debug|Any CPU
		{CB578C1F-B3E1-4849-B0BD-1B18E4E30326}.Release|Any CPU.ActiveCfg = Release|Any CPU
		{CB578C1F-B3E1-4849-B0BD-1B18E4E30326}.Release|Any CPU.Build.0 = Release|Any CPU
		{CB578C1F-B3E1-4849-B0BD-1B18E4E30326}.Release|x64.ActiveCfg = Release|Any CPU
		{CB578C1F-B3E1-4849-B0BD-1B18E4E30326}.Release|x64.Build.0 = Release|Any CPU
		{CB578C1F-B3E1-4849-B0BD-1B18E4E30326}.Release|x86.ActiveCfg = Release|Any CPU
		{CB578C1F-B3E1-4849-B0BD-1B18E4E30326}.Release|x86.Build.0 = Release|Any CPU
		{CB578C1F-B3E1-4849-B0BD-1B18E4E30326}.Release-NoDebugSymbols|Any CPU.ActiveCfg = Release|Any CPU
		{CB578C1F-B3E1-4849-B0BD-1B18E4E30326}.Release-NoDebugSymbols|Any CPU.Build.0 = Release|Any CPU
		{CB578C1F-B3E1-4849-B0BD-1B18E4E30326}.Release-NoDebugSymbols|x64.ActiveCfg = Release|Any CPU
		{CB578C1F-B3E1-4849-B0BD-1B18E4E30326}.Release-NoDebugSymbols|x64.Build.0 = Release|Any CPU
		{CB578C1F-B3E1-4849-B0BD-1B18E4E30326}.Release-NoDebugSymbols|x86.ActiveCfg = Release|Any CPU
		{CB578C1F-B3E1-4849-B0BD-1B18E4E30326}.Release-NoDebugSymbols|x86.Build.0 = Release|Any CPU
	EndGlobalSection
	GlobalSection(SolutionProperties) = preSolution
		HideSolutionNode = FALSE
	EndGlobalSection
	GlobalSection(ExtensibilityGlobals) = postSolution
		SolutionGuid = {045C4B6F-A6D1-4E1B-8FC7-8A221E659D7D}
	EndGlobalSection
EndGlobal
